
Microsoft Visual Studio Solution File, Format Version 12.00
# Visual Studio Version 17
VisualStudioVersion = 17.6.33829.357
MinimumVisualStudioVersion = 10.0.40219.1
Project("{FAE04EC0-301F-11D3-BF4B-00C04F79EFBC}") = "Day1", "Day1\Day1.csproj", "{72D9036D-B10B-43AA-9F49-FF21B521A11D}"
EndProject
Project("{FAE04EC0-301F-11D3-BF4B-00C04F79EFBC}") = "Day2", "Day2\Day2.csproj", "{47513D86-28C7-4003-8C9F-B4DFFAD54F4E}"
EndProject
Project("{FAE04EC0-301F-11D3-BF4B-00C04F79EFBC}") = "Day3", "Day3\Day3.csproj", "{55DD22E8-03F3-4FCC-949F-5F857C9B609E}"
EndProject
Global
	GlobalSection(SolutionConfigurationPlatforms) = preSolution
		Debug|Any CPU = Debug|Any CPU
		Release|Any CPU = Release|Any CPU
	EndGlobalSection
	GlobalSection(ProjectConfigurationPlatforms) = postSolution
		{72D9036D-B10B-43AA-9F49-FF21B521A11D}.Debug|Any CPU.ActiveCfg = Debug|Any CPU
		{72D9036D-B10B-43AA-9F49-FF21B521A11D}.Debug|Any CPU.Build.0 = Debug|Any CPU
		{72D9036D-B10B-43AA-9F49-FF21B521A11D}.Release|Any CPU.ActiveCfg = Release|Any CPU
		{72D9036D-B10B-43AA-9F49-FF21B521A11D}.Release|Any CPU.Build.0 = Release|Any CPU
		{47513D86-28C7-4003-8C9F-B4DFFAD54F4E}.Debug|Any CPU.ActiveCfg = Debug|Any CPU
		{47513D86-28C7-4003-8C9F-B4DFFAD54F4E}.Debug|Any CPU.Build.0 = Debug|Any CPU
		{47513D86-28C7-4003-8C9F-B4DFFAD54F4E}.Release|Any CPU.ActiveCfg = Release|Any CPU
		{47513D86-28C7-4003-8C9F-B4DFFAD54F4E}.Release|Any CPU.Build.0 = Release|Any CPU
		{55DD22E8-03F3-4FCC-949F-5F857C9B609E}.Debug|Any CPU.ActiveCfg = Debug|Any CPU
		{55DD22E8-03F3-4FCC-949F-5F857C9B609E}.Debug|Any CPU.Build.0 = Debug|Any CPU
		{55DD22E8-03F3-4FCC-949F-5F857C9B609E}.Release|Any CPU.ActiveCfg = Release|Any CPU
		{55DD22E8-03F3-4FCC-949F-5F857C9B609E}.Release|Any CPU.Build.0 = Release|Any CPU
	EndGlobalSection
	GlobalSection(SolutionProperties) = preSolution
		HideSolutionNode = FALSE
	EndGlobalSection
	GlobalSection(ExtensibilityGlobals) = postSolution
		SolutionGuid = {D155A4E9-B310-42BE-A971-1BAACBE567D9}
	EndGlobalSection
EndGlobal
