
Microsoft Visual Studio Solution File, Format Version 12.00
# Visual Studio Version 17
VisualStudioVersion = 17.6.33829.357
MinimumVisualStudioVersion = 10.0.40219.1
Project("{FAE04EC0-301F-11D3-BF4B-00C04F79EFBC}") = "Day01", "Day1\Day01.csproj", "{72D9036D-B10B-43AA-9F49-FF21B521A11D}"
EndProject
Project("{FAE04EC0-301F-11D3-BF4B-00C04F79EFBC}") = "Day02", "Day2\Day02.csproj", "{47513D86-28C7-4003-8C9F-B4DFFAD54F4E}"
EndProject
Project("{FAE04EC0-301F-11D3-BF4B-00C04F79EFBC}") = "Day03", "Day3\Day03.csproj", "{55DD22E8-03F3-4FCC-949F-5F857C9B609E}"
EndProject
Project("{FAE04EC0-301F-11D3-BF4B-00C04F79EFBC}") = "Day04", "Day4\Day04.csproj", "{522A652D-0AEE-4C78-A26F-A62039642F44}"
EndProject
Project("{FAE04EC0-301F-11D3-BF4B-00C04F79EFBC}") = "Day05", "Day5\Day05.csproj", "{38D2C1C9-C372-43E1-94D4-18B9322C411B}"
EndProject
Project("{FAE04EC0-301F-11D3-BF4B-00C04F79EFBC}") = "Day06", "Day6\Day06.csproj", "{6C18C7D5-8D7E-44F6-9AED-568B9CC21F69}"
EndProject
Project("{FAE04EC0-301F-11D3-BF4B-00C04F79EFBC}") = "Day07", "Day7\Day07.csproj", "{74F5366F-A70E-4347-922E-9E4448697014}"
EndProject
Project("{FAE04EC0-301F-11D3-BF4B-00C04F79EFBC}") = "Day08", "Day8\Day08.csproj", "{646BF0FF-98F8-40FE-AFC1-CD548BFEFE18}"
EndProject
Project("{FAE04EC0-301F-11D3-BF4B-00C04F79EFBC}") = "Day09", "Day9\Day09.csproj", "{668777E4-DA0A-4F59-99D1-BFA914EF13C2}"
EndProject
Project("{FAE04EC0-301F-11D3-BF4B-00C04F79EFBC}") = "Day10", "Day10\Day10.csproj", "{E1FED483-62E8-48DF-929C-8D2AC1150979}"
EndProject
Project("{FAE04EC0-301F-11D3-BF4B-00C04F79EFBC}") = "Day11", "Day11\Day11.csproj", "{8E70E2C6-2DB1-431F-920D-4F48E83D55B8}"
EndProject
Project("{FAE04EC0-301F-11D3-BF4B-00C04F79EFBC}") = "Day12", "Day121\Day12.csproj", "{6BAD3A4C-AD2D-4ECC-8FD4-D5665A4B5485}"
EndProject
Project("{FAE04EC0-301F-11D3-BF4B-00C04F79EFBC}") = "Day13", "Day13\Day13.csproj", "{44F0F580-C3FF-4A30-96D3-4B8734806C0D}"
EndProject
Project("{FAE04EC0-301F-11D3-BF4B-00C04F79EFBC}") = "Day14", "Day14\Day14.csproj", "{553B5F30-8BC4-423D-98D9-341475CA2D8E}"
EndProject
Project("{FAE04EC0-301F-11D3-BF4B-00C04F79EFBC}") = "Day15", "Day15\Day15.csproj", "{C398492E-C2E5-4B58-AB47-1923B10126B5}"
EndProject
Project("{FAE04EC0-301F-11D3-BF4B-00C04F79EFBC}") = "Day16", "Day16\Day16.csproj", "{B8EC04E9-F88B-4AD1-90CC-06565B11426A}"
EndProject
Project("{FAE04EC0-301F-11D3-BF4B-00C04F79EFBC}") = "Day17", "Day17\Day17.csproj", "{2400A009-7725-4EB2-902E-7ACE2E581623}"
EndProject
Project("{FAE04EC0-301F-11D3-BF4B-00C04F79EFBC}") = "Day18", "Day18\Day18.csproj", "{D6C7E584-84A2-416B-B71A-5DF569C9893E}"
EndProject
Project("{FAE04EC0-301F-11D3-BF4B-00C04F79EFBC}") = "Day19", "Day19\Day19.csproj", "{DCF8399C-5C36-4373-9797-D535E93428D7}"
EndProject
Project("{FAE04EC0-301F-11D3-BF4B-00C04F79EFBC}") = "Day20", "Day20\Day20.csproj", "{227DBCDD-4936-4C30-8EB1-17AC267EE5C9}"
EndProject
Project("{FAE04EC0-301F-11D3-BF4B-00C04F79EFBC}") = "Day21", "Day21\Day21.csproj", "{F90B0FA2-E2C3-4199-BB40-CD4127C11B35}"
EndProject
Project("{FAE04EC0-301F-11D3-BF4B-00C04F79EFBC}") = "Day22", "Day22\Day22.csproj", "{76476F5F-0AB3-4B57-9E46-5CE33397A243}"
EndProject
Project("{FAE04EC0-301F-11D3-BF4B-00C04F79EFBC}") = "Day23", "Day23\Day23.csproj", "{888BF0BC-6F6A-466E-A46B-B8E219789E08}"
EndProject
Project("{FAE04EC0-301F-11D3-BF4B-00C04F79EFBC}") = "Day24", "Day24\Day24.csproj", "{CC6BB0C0-7BCC-47B5-B119-293F046658BD}"
EndProject
Project("{FAE04EC0-301F-11D3-BF4B-00C04F79EFBC}") = "Day25", "Day25\Day25.csproj", "{75AEAB1D-D221-4772-ACA2-8BC982D203AD}"
EndProject
Project("{FAE04EC0-301F-11D3-BF4B-00C04F79EFBC}") = "Day01v2", "Day01v2\Day01v2.csproj", "{2A0DC52E-075A-44A3-A58D-F7B89BC948F9}"
EndProject
Project("{FAE04EC0-301F-11D3-BF4B-00C04F79EFBC}") = "Day07v2", "Day07v2\Day07v2.csproj", "{8C2FA45C-ABF2-4A28-9BCE-F59B986627F5}"
EndProject
Global
	GlobalSection(SolutionConfigurationPlatforms) = preSolution
		Debug|Any CPU = Debug|Any CPU
		Release|Any CPU = Release|Any CPU
	EndGlobalSection
	GlobalSection(ProjectConfigurationPlatforms) = postSolution
		{72D9036D-B10B-43AA-9F49-FF21B521A11D}.Debug|Any CPU.ActiveCfg = Debug|Any CPU
		{72D9036D-B10B-43AA-9F49-FF21B521A11D}.Debug|Any CPU.Build.0 = Debug|Any CPU
		{72D9036D-B10B-43AA-9F49-FF21B521A11D}.Release|Any CPU.ActiveCfg = Release|Any CPU
		{72D9036D-B10B-43AA-9F49-FF21B521A11D}.Release|Any CPU.Build.0 = Release|Any CPU
		{47513D86-28C7-4003-8C9F-B4DFFAD54F4E}.Debug|Any CPU.ActiveCfg = Debug|Any CPU
		{47513D86-28C7-4003-8C9F-B4DFFAD54F4E}.Debug|Any CPU.Build.0 = Debug|Any CPU
		{47513D86-28C7-4003-8C9F-B4DFFAD54F4E}.Release|Any CPU.ActiveCfg = Release|Any CPU
		{47513D86-28C7-4003-8C9F-B4DFFAD54F4E}.Release|Any CPU.Build.0 = Release|Any CPU
		{55DD22E8-03F3-4FCC-949F-5F857C9B609E}.Debug|Any CPU.ActiveCfg = Debug|Any CPU
		{55DD22E8-03F3-4FCC-949F-5F857C9B609E}.Debug|Any CPU.Build.0 = Debug|Any CPU
		{55DD22E8-03F3-4FCC-949F-5F857C9B609E}.Release|Any CPU.ActiveCfg = Release|Any CPU
		{55DD22E8-03F3-4FCC-949F-5F857C9B609E}.Release|Any CPU.Build.0 = Release|Any CPU
		{522A652D-0AEE-4C78-A26F-A62039642F44}.Debug|Any CPU.ActiveCfg = Debug|Any CPU
		{522A652D-0AEE-4C78-A26F-A62039642F44}.Debug|Any CPU.Build.0 = Debug|Any CPU
		{522A652D-0AEE-4C78-A26F-A62039642F44}.Release|Any CPU.ActiveCfg = Release|Any CPU
		{522A652D-0AEE-4C78-A26F-A62039642F44}.Release|Any CPU.Build.0 = Release|Any CPU
		{38D2C1C9-C372-43E1-94D4-18B9322C411B}.Debug|Any CPU.ActiveCfg = Debug|Any CPU
		{38D2C1C9-C372-43E1-94D4-18B9322C411B}.Debug|Any CPU.Build.0 = Debug|Any CPU
		{38D2C1C9-C372-43E1-94D4-18B9322C411B}.Release|Any CPU.ActiveCfg = Release|Any CPU
		{38D2C1C9-C372-43E1-94D4-18B9322C411B}.Release|Any CPU.Build.0 = Release|Any CPU
		{6C18C7D5-8D7E-44F6-9AED-568B9CC21F69}.Debug|Any CPU.ActiveCfg = Debug|Any CPU
		{6C18C7D5-8D7E-44F6-9AED-568B9CC21F69}.Debug|Any CPU.Build.0 = Debug|Any CPU
		{6C18C7D5-8D7E-44F6-9AED-568B9CC21F69}.Release|Any CPU.ActiveCfg = Release|Any CPU
		{6C18C7D5-8D7E-44F6-9AED-568B9CC21F69}.Release|Any CPU.Build.0 = Release|Any CPU
		{74F5366F-A70E-4347-922E-9E4448697014}.Debug|Any CPU.ActiveCfg = Debug|Any CPU
		{74F5366F-A70E-4347-922E-9E4448697014}.Debug|Any CPU.Build.0 = Debug|Any CPU
		{74F5366F-A70E-4347-922E-9E4448697014}.Release|Any CPU.ActiveCfg = Release|Any CPU
		{74F5366F-A70E-4347-922E-9E4448697014}.Release|Any CPU.Build.0 = Release|Any CPU
		{646BF0FF-98F8-40FE-AFC1-CD548BFEFE18}.Debug|Any CPU.ActiveCfg = Debug|Any CPU
		{646BF0FF-98F8-40FE-AFC1-CD548BFEFE18}.Debug|Any CPU.Build.0 = Debug|Any CPU
		{646BF0FF-98F8-40FE-AFC1-CD548BFEFE18}.Release|Any CPU.ActiveCfg = Release|Any CPU
		{646BF0FF-98F8-40FE-AFC1-CD548BFEFE18}.Release|Any CPU.Build.0 = Release|Any CPU
		{668777E4-DA0A-4F59-99D1-BFA914EF13C2}.Debug|Any CPU.ActiveCfg = Debug|Any CPU
		{668777E4-DA0A-4F59-99D1-BFA914EF13C2}.Debug|Any CPU.Build.0 = Debug|Any CPU
		{668777E4-DA0A-4F59-99D1-BFA914EF13C2}.Release|Any CPU.ActiveCfg = Release|Any CPU
		{668777E4-DA0A-4F59-99D1-BFA914EF13C2}.Release|Any CPU.Build.0 = Release|Any CPU
		{E1FED483-62E8-48DF-929C-8D2AC1150979}.Debug|Any CPU.ActiveCfg = Debug|Any CPU
		{E1FED483-62E8-48DF-929C-8D2AC1150979}.Debug|Any CPU.Build.0 = Debug|Any CPU
		{E1FED483-62E8-48DF-929C-8D2AC1150979}.Release|Any CPU.ActiveCfg = Release|Any CPU
		{E1FED483-62E8-48DF-929C-8D2AC1150979}.Release|Any CPU.Build.0 = Release|Any CPU
		{8E70E2C6-2DB1-431F-920D-4F48E83D55B8}.Debug|Any CPU.ActiveCfg = Debug|Any CPU
		{8E70E2C6-2DB1-431F-920D-4F48E83D55B8}.Debug|Any CPU.Build.0 = Debug|Any CPU
		{8E70E2C6-2DB1-431F-920D-4F48E83D55B8}.Release|Any CPU.ActiveCfg = Release|Any CPU
		{8E70E2C6-2DB1-431F-920D-4F48E83D55B8}.Release|Any CPU.Build.0 = Release|Any CPU
		{6BAD3A4C-AD2D-4ECC-8FD4-D5665A4B5485}.Debug|Any CPU.ActiveCfg = Debug|Any CPU
		{6BAD3A4C-AD2D-4ECC-8FD4-D5665A4B5485}.Debug|Any CPU.Build.0 = Debug|Any CPU
		{6BAD3A4C-AD2D-4ECC-8FD4-D5665A4B5485}.Release|Any CPU.ActiveCfg = Release|Any CPU
		{6BAD3A4C-AD2D-4ECC-8FD4-D5665A4B5485}.Release|Any CPU.Build.0 = Release|Any CPU
		{44F0F580-C3FF-4A30-96D3-4B8734806C0D}.Debug|Any CPU.ActiveCfg = Debug|Any CPU
		{44F0F580-C3FF-4A30-96D3-4B8734806C0D}.Debug|Any CPU.Build.0 = Debug|Any CPU
		{44F0F580-C3FF-4A30-96D3-4B8734806C0D}.Release|Any CPU.ActiveCfg = Release|Any CPU
		{44F0F580-C3FF-4A30-96D3-4B8734806C0D}.Release|Any CPU.Build.0 = Release|Any CPU
		{553B5F30-8BC4-423D-98D9-341475CA2D8E}.Debug|Any CPU.ActiveCfg = Debug|Any CPU
		{553B5F30-8BC4-423D-98D9-341475CA2D8E}.Debug|Any CPU.Build.0 = Debug|Any CPU
		{553B5F30-8BC4-423D-98D9-341475CA2D8E}.Release|Any CPU.ActiveCfg = Release|Any CPU
		{553B5F30-8BC4-423D-98D9-341475CA2D8E}.Release|Any CPU.Build.0 = Release|Any CPU
		{C398492E-C2E5-4B58-AB47-1923B10126B5}.Debug|Any CPU.ActiveCfg = Debug|Any CPU
		{C398492E-C2E5-4B58-AB47-1923B10126B5}.Debug|Any CPU.Build.0 = Debug|Any CPU
		{C398492E-C2E5-4B58-AB47-1923B10126B5}.Release|Any CPU.ActiveCfg = Release|Any CPU
		{C398492E-C2E5-4B58-AB47-1923B10126B5}.Release|Any CPU.Build.0 = Release|Any CPU
		{B8EC04E9-F88B-4AD1-90CC-06565B11426A}.Debug|Any CPU.ActiveCfg = Debug|Any CPU
		{B8EC04E9-F88B-4AD1-90CC-06565B11426A}.Debug|Any CPU.Build.0 = Debug|Any CPU
		{B8EC04E9-F88B-4AD1-90CC-06565B11426A}.Release|Any CPU.ActiveCfg = Release|Any CPU
		{B8EC04E9-F88B-4AD1-90CC-06565B11426A}.Release|Any CPU.Build.0 = Release|Any CPU
		{2400A009-7725-4EB2-902E-7ACE2E581623}.Debug|Any CPU.ActiveCfg = Debug|Any CPU
		{2400A009-7725-4EB2-902E-7ACE2E581623}.Debug|Any CPU.Build.0 = Debug|Any CPU
		{2400A009-7725-4EB2-902E-7ACE2E581623}.Release|Any CPU.ActiveCfg = Release|Any CPU
		{2400A009-7725-4EB2-902E-7ACE2E581623}.Release|Any CPU.Build.0 = Release|Any CPU
		{D6C7E584-84A2-416B-B71A-5DF569C9893E}.Debug|Any CPU.ActiveCfg = Debug|Any CPU
		{D6C7E584-84A2-416B-B71A-5DF569C9893E}.Debug|Any CPU.Build.0 = Debug|Any CPU
		{D6C7E584-84A2-416B-B71A-5DF569C9893E}.Release|Any CPU.ActiveCfg = Release|Any CPU
		{D6C7E584-84A2-416B-B71A-5DF569C9893E}.Release|Any CPU.Build.0 = Release|Any CPU
		{DCF8399C-5C36-4373-9797-D535E93428D7}.Debug|Any CPU.ActiveCfg = Debug|Any CPU
		{DCF8399C-5C36-4373-9797-D535E93428D7}.Debug|Any CPU.Build.0 = Debug|Any CPU
		{DCF8399C-5C36-4373-9797-D535E93428D7}.Release|Any CPU.ActiveCfg = Release|Any CPU
		{DCF8399C-5C36-4373-9797-D535E93428D7}.Release|Any CPU.Build.0 = Release|Any CPU
		{227DBCDD-4936-4C30-8EB1-17AC267EE5C9}.Debug|Any CPU.ActiveCfg = Debug|Any CPU
		{227DBCDD-4936-4C30-8EB1-17AC267EE5C9}.Debug|Any CPU.Build.0 = Debug|Any CPU
		{227DBCDD-4936-4C30-8EB1-17AC267EE5C9}.Release|Any CPU.ActiveCfg = Release|Any CPU
		{227DBCDD-4936-4C30-8EB1-17AC267EE5C9}.Release|Any CPU.Build.0 = Release|Any CPU
		{F90B0FA2-E2C3-4199-BB40-CD4127C11B35}.Debug|Any CPU.ActiveCfg = Debug|Any CPU
		{F90B0FA2-E2C3-4199-BB40-CD4127C11B35}.Debug|Any CPU.Build.0 = Debug|Any CPU
		{F90B0FA2-E2C3-4199-BB40-CD4127C11B35}.Release|Any CPU.ActiveCfg = Release|Any CPU
		{F90B0FA2-E2C3-4199-BB40-CD4127C11B35}.Release|Any CPU.Build.0 = Release|Any CPU
		{76476F5F-0AB3-4B57-9E46-5CE33397A243}.Debug|Any CPU.ActiveCfg = Debug|Any CPU
		{76476F5F-0AB3-4B57-9E46-5CE33397A243}.Debug|Any CPU.Build.0 = Debug|Any CPU
		{76476F5F-0AB3-4B57-9E46-5CE33397A243}.Release|Any CPU.ActiveCfg = Release|Any CPU
		{76476F5F-0AB3-4B57-9E46-5CE33397A243}.Release|Any CPU.Build.0 = Release|Any CPU
		{888BF0BC-6F6A-466E-A46B-B8E219789E08}.Debug|Any CPU.ActiveCfg = Debug|Any CPU
		{888BF0BC-6F6A-466E-A46B-B8E219789E08}.Debug|Any CPU.Build.0 = Debug|Any CPU
		{888BF0BC-6F6A-466E-A46B-B8E219789E08}.Release|Any CPU.ActiveCfg = Release|Any CPU
		{888BF0BC-6F6A-466E-A46B-B8E219789E08}.Release|Any CPU.Build.0 = Release|Any CPU
		{CC6BB0C0-7BCC-47B5-B119-293F046658BD}.Debug|Any CPU.ActiveCfg = Debug|Any CPU
		{CC6BB0C0-7BCC-47B5-B119-293F046658BD}.Debug|Any CPU.Build.0 = Debug|Any CPU
		{CC6BB0C0-7BCC-47B5-B119-293F046658BD}.Release|Any CPU.ActiveCfg = Release|Any CPU
		{CC6BB0C0-7BCC-47B5-B119-293F046658BD}.Release|Any CPU.Build.0 = Release|Any CPU
		{75AEAB1D-D221-4772-ACA2-8BC982D203AD}.Debug|Any CPU.ActiveCfg = Debug|Any CPU
		{75AEAB1D-D221-4772-ACA2-8BC982D203AD}.Debug|Any CPU.Build.0 = Debug|Any CPU
		{75AEAB1D-D221-4772-ACA2-8BC982D203AD}.Release|Any CPU.ActiveCfg = Release|Any CPU
		{75AEAB1D-D221-4772-ACA2-8BC982D203AD}.Release|Any CPU.Build.0 = Release|Any CPU
		{2A0DC52E-075A-44A3-A58D-F7B89BC948F9}.Debug|Any CPU.ActiveCfg = Debug|Any CPU
		{2A0DC52E-075A-44A3-A58D-F7B89BC948F9}.Debug|Any CPU.Build.0 = Debug|Any CPU
		{2A0DC52E-075A-44A3-A58D-F7B89BC948F9}.Release|Any CPU.ActiveCfg = Release|Any CPU
		{2A0DC52E-075A-44A3-A58D-F7B89BC948F9}.Release|Any CPU.Build.0 = Release|Any CPU
		{8C2FA45C-ABF2-4A28-9BCE-F59B986627F5}.Debug|Any CPU.ActiveCfg = Debug|Any CPU
		{8C2FA45C-ABF2-4A28-9BCE-F59B986627F5}.Debug|Any CPU.Build.0 = Debug|Any CPU
		{8C2FA45C-ABF2-4A28-9BCE-F59B986627F5}.Release|Any CPU.ActiveCfg = Release|Any CPU
		{8C2FA45C-ABF2-4A28-9BCE-F59B986627F5}.Release|Any CPU.Build.0 = Release|Any CPU
	EndGlobalSection
	GlobalSection(SolutionProperties) = preSolution
		HideSolutionNode = FALSE
	EndGlobalSection
	GlobalSection(ExtensibilityGlobals) = postSolution
		SolutionGuid = {D155A4E9-B310-42BE-A971-1BAACBE567D9}
	EndGlobalSection
EndGlobal
